
Microsoft Visual Studio Solution File, Format Version 12.00
# Visual Studio Version 17
VisualStudioVersion = 17.5.33530.505
MinimumVisualStudioVersion = 10.0.40219.1
Project("{FAE04EC0-301F-11D3-BF4B-00C04F79EFBC}") = "Roshambo", "Roshambo.csproj", "{10D9199B-E6B1-4FCD-973B-E40A8C259C23}"
EndProject
Global
	GlobalSection(SolutionConfigurationPlatforms) = preSolution
		Debug|Any CPU = Debug|Any CPU
		Release|Any CPU = Release|Any CPU
	EndGlobalSection
	GlobalSection(ProjectConfigurationPlatforms) = postSolution
		{10D9199B-E6B1-4FCD-973B-E40A8C259C23}.Debug|Any CPU.ActiveCfg = Debug|Any CPU
		{10D9199B-E6B1-4FCD-973B-E40A8C259C23}.Debug|Any CPU.Build.0 = Debug|Any CPU
		{10D9199B-E6B1-4FCD-973B-E40A8C259C23}.Release|Any CPU.ActiveCfg = Release|Any CPU
		{10D9199B-E6B1-4FCD-973B-E40A8C259C23}.Release|Any CPU.Build.0 = Release|Any CPU
	EndGlobalSection
	GlobalSection(SolutionProperties) = preSolution
		HideSolutionNode = FALSE
	EndGlobalSection
	GlobalSection(ExtensibilityGlobals) = postSolution
		SolutionGuid = {16B4090C-120A-40A4-A4D5-D9696D2833E5}
	EndGlobalSection
EndGlobal
